{
  "name": "@dwlib/type",
  "version": "1.0.0",
  "lockfileVersion": 2,
  "requires": true,
  "packages": {
    "": {
      "name": "@dwlib/type",
      "version": "1.0.0",
      "license": "GPL-3.0",
      "dependencies": {
        "@dwlib/intrinsic": "^1.0.0"
      }
    },
    "node_modules/@dwlib/global": {
      "version": "1.0.0",
      "resolved": "https://registry.npmjs.org/@dwlib/global/-/global-1.0.0.tgz",
      "integrity": "sha512-cZHy9aiGqXEn8IdR3QxIY55+4pn3qH7x1wpr+IVQKY2Sjhhzq00UZM/I4FM1xZ6cm/Nt0XXRkrpUEayRygdoCQ=="
    },
    "node_modules/@dwlib/intrinsic": {
      "version": "1.0.0",
      "resolved": "https://registry.npmjs.org/@dwlib/intrinsic/-/intrinsic-1.0.0.tgz",
      "integrity": "sha512-e7sQ0hvydEt6v20KYjm2Si9aSn3OkLYF8wN//YULNPXcnKZ9VEAHJosDIYzn3S6TdH5N4L6dEVg3Nogojy/WOQ==",
      "dependencies": {
        "@dwlib/global": "^1.0.0"
      }
    }
  },
  "dependencies": {
    "@dwlib/global": {
      "version": "1.0.0",
      "resolved": "https://registry.npmjs.org/@dwlib/global/-/global-1.0.0.tgz",
      "integrity": "sha512-cZHy9aiGqXEn8IdR3QxIY55+4pn3qH7x1wpr+IVQKY2Sjhhzq00UZM/I4FM1xZ6cm/Nt0XXRkrpUEayRygdoCQ=="
    },
    "@dwlib/intrinsic": {
      "version": "1.0.0",
      "resolved": "https://registry.npmjs.org/@dwlib/intrinsic/-/intrinsic-1.0.0.tgz",
      "integrity": "sha512-e7sQ0hvydEt6v20KYjm2Si9aSn3OkLYF8wN//YULNPXcnKZ9VEAHJosDIYzn3S6TdH5N4L6dEVg3Nogojy/WOQ==",
      "requires": {
        "@dwlib/global": "^1.0.0"
      }
    }
  }
}
